FORGE
  remote: https://forgeapi.puppetlabs.com
  specs:
    camptocamp-systemd (1.1.0)
      puppetlabs-stdlib (< 5.0.0, >= 4.13.1)
    puppet-staging (3.1.0)
    puppetlabs-apt (4.5.1)
      puppetlabs-stdlib (< 5.0.0, >= 4.16.0)
    puppetlabs-stdlib (4.24.0)

DEPENDENCIES
  camptocamp-systemd (= 1.1.0)
  puppet-staging (= 3.1.0)
  puppetlabs-apt (= 4.5.1)

